// !$*UTF8*$!
{
	archiveVersion = 1;
	classes = {
	};
	objectVersion = 55;
	objects = {

/* Begin PBXBuildFile section */
		1C3DCC3327CCB4A1001D9212 /* FirstModalViewController.swift in Sources */ = {isa = PBXBuildFile; fileRef = 1C3DCC3227CCB4A1001D9212 /* FirstModalViewController.swift */; };
		1C3DCC3527CCB4D0001D9212 /* SecondModalViewController.swift in Sources */ = {isa = PBXBuildFile; fileRef = 1C3DCC3427CCB4D0001D9212 /* SecondModalViewController.swift */; };
		1C3DCC3927CCB4FD001D9212 /* ThirdModalViewController.swift in Sources */ = {isa = PBXBuildFile; fileRef = 1C3DCC3827CCB4FD001D9212 /* ThirdModalViewController.swift */; };
		1C3DCC3B27CCB510001D9212 /* FourthModalVievController.swift in Sources */ = {isa = PBXBuildFile; fileRef = 1C3DCC3A27CCB510001D9212 /* FourthModalVievController.swift */; };
		1C3DCC3D27CCB585001D9212 /* Customer.swift in Sources */ = {isa = PBXBuildFile; fileRef = 1C3DCC3C27CCB585001D9212 /* Customer.swift */; };
		1C89D8B027C95A19009DF298 /* AppDelegate.swift in Sources */ = {isa = PBXBuildFile; fileRef = 1C89D8AF27C95A19009DF298 /* AppDelegate.swift */; };
		1C89D8B227C95A19009DF298 /* SceneDelegate.swift in Sources */ = {isa = PBXBuildFile; fileRef = 1C89D8B127C95A19009DF298 /* SceneDelegate.swift */; };
		1C89D8B427C95A19009DF298 /* ViewController.swift in Sources */ = {isa = PBXBuildFile; fileRef = 1C89D8B327C95A19009DF298 /* ViewController.swift */; };
		1C89D8B727C95A19009DF298 /* Main.storyboard in Resources */ = {isa = PBXBuildFile; fileRef = 1C89D8B527C95A19009DF298 /* Main.storyboard */; };
		1C89D8B927C95A1B009DF298 /* Assets.xcassets in Resources */ = {isa = PBXBuildFile; fileRef = 1C89D8B827C95A1B009DF298 /* Assets.xcassets */; };
		1C89D8BC27C95A1B009DF298 /* LaunchScreen.storyboard in Resources */ = {isa = PBXBuildFile; fileRef = 1C89D8BA27C95A1B009DF298 /* LaunchScreen.storyboard */; };
/* End PBXBuildFile section */

/* Begin PBXFileReference section */
		1C3DCC3227CCB4A1001D9212 /* FirstModalViewController.swift */ = {isa = PBXFileReference; lastKnownFileType = sourcecode.swift; path = FirstModalViewController.swift; sourceTree = "<group>"; };
		1C3DCC3427CCB4D0001D9212 /* SecondModalViewController.swift */ = {isa = PBXFileReference; lastKnownFileType = sourcecode.swift; path = SecondModalViewController.swift; sourceTree = "<group>"; };
		1C3DCC3827CCB4FD001D9212 /* ThirdModalViewController.swift */ = {isa = PBXFileReference; lastKnownFileType = sourcecode.swift; path = ThirdModalViewController.swift; sourceTree = "<group>"; };
		1C3DCC3A27CCB510001D9212 /* FourthModalVievController.swift */ = {isa = PBXFileReference; lastKnownFileType = sourcecode.swift; path = FourthModalVievController.swift; sourceTree = "<group>"; };
		1C3DCC3C27CCB585001D9212 /* Customer.swift */ = {isa = PBXFileReference; lastKnownFileType = sourcecode.swift; path = Customer.swift; sourceTree = "<group>"; };
		1C89D8AC27C95A19009DF298 /* HomeWork7.app */ = {isa = PBXFileReference; explicitFileType = wrapper.application; includeInIndex = 0; path = HomeWork7.app; sourceTree = BUILT_PRODUCTS_DIR; };
		1C89D8AF27C95A19009DF298 /* AppDelegate.swift */ = {isa = PBXFileReference; lastKnownFileType = sourcecode.swift; path = AppDelegate.swift; sourceTree = "<group>"; };
		1C89D8B127C95A19009DF298 /* SceneDelegate.swift */ = {isa = PBXFileReference; lastKnownFileType = sourcecode.swift; path = SceneDelegate.swift; sourceTree = "<group>"; };
		1C89D8B327C95A19009DF298 /* ViewController.swift */ = {isa = PBXFileReference; lastKnownFileType = sourcecode.swift; path = ViewController.swift; sourceTree = "<group>"; };
		1C89D8B627C95A19009DF298 /* Base */ = {isa = PBXFileReference; lastKnownFileType = file.storyboard; name = Base; path = Base.lproj/Main.storyboard; sourceTree = "<group>"; };
		1C89D8B827C95A1B009DF298 /* Assets.xcassets */ = {isa = PBXFileReference; lastKnownFileType = folder.assetcatalog; path = Assets.xcassets; sourceTree = "<group>"; };
		1C89D8BB27C95A1B009DF298 /* Base */ = {isa = PBXFileReference; lastKnownFileType = file.storyboard; name = Base; path = Base.lproj/LaunchScreen.storyboard; sourceTree = "<group>"; };
		1C89D8BD27C95A1B009DF298 /* Info.plist */ = {isa = PBXFileReference; lastKnownFileType = text.plist.xml; path = Info.plist; sourceTree = "<group>"; };
/* End PBXFileReference section */

/* Begin PBXFrameworksBuildPhase section */
		1C89D8A927C95A19009DF298 /* Frameworks */ = {
			isa = PBXFrameworksBuildPhase;
			buildActionMask = 2147483647;
			files = (
			);
			runOnlyForDeploymentPostprocessing = 0;
		};
/* End PBXFrameworksBuildPhase section */

/* Begin PBXGroup section */
		1C89D8A327C95A19009DF298 = {
			isa = PBXGroup;
			children = (
				1C89D8AE27C95A19009DF298 /* HomeWork7 */,
				1C89D8AD27C95A19009DF298 /* Products */,
			);
			sourceTree = "<group>";
		};
		1C89D8AD27C95A19009DF298 /* Products */ = {
			isa = PBXGroup;
			children = (
				1C89D8AC27C95A19009DF298 /* HomeWork7.app */,
			);
			name = Products;
			sourceTree = "<group>";
		};
		1C89D8AE27C95A19009DF298 /* HomeWork7 */ = {
			isa = PBXGroup;
			children = (
				1C89D8AF27C95A19009DF298 /* AppDelegate.swift */,
				1C89D8B127C95A19009DF298 /* SceneDelegate.swift */,
				1C3DCC3C27CCB585001D9212 /* Customer.swift */,
				1C89D8B327C95A19009DF298 /* ViewController.swift */,
				1C3DCC3227CCB4A1001D9212 /* FirstModalViewController.swift */,
				1C3DCC3427CCB4D0001D9212 /* SecondModalViewController.swift */,
				1C3DCC3827CCB4FD001D9212 /* ThirdModalViewController.swift */,
				1C3DCC3A27CCB510001D9212 /* FourthModalVievController.swift */,
				1C89D8B527C95A19009DF298 /* Main.storyboard */,
				1C89D8B827C95A1B009DF298 /* Assets.xcassets */,
				1C89D8BA27C95A1B009DF298 /* LaunchScreen.storyboard */,
				1C89D8BD27C95A1B009DF298 /* Info.plist */,
			);
			path = HomeWork7;
			sourceTree = "<group>";
		};
/* End PBXGroup section */

/* Begin PBXNativeTarget section */
		1C89D8AB27C95A19009DF298 /* HomeWork7 */ = {
			isa = PBXNativeTarget;
			buildConfigurationList = 1C89D8C027C95A1B009DF298 /* Build configuration list for PBXNativeTarget "HomeWork7" */;
			buildPhases = (
				1C89D8A827C95A19009DF298 /* Sources */,
				1C89D8A927C95A19009DF298 /* Frameworks */,
				1C89D8AA27C95A19009DF298 /* Resources */,
			);
			buildRules = (
			);
			dependencies = (
			);
			name = HomeWork7;
			productName = HomeWork7;
			productReference = 1C89D8AC27C95A19009DF298 /* HomeWork7.app */;
			productType = "com.apple.product-type.application";
		};
/* End PBXNativeTarget section */

/* Begin PBXProject section */
		1C89D8A427C95A19009DF298 /* Project object */ = {
			isa = PBXProject;
			attributes = {
				BuildIndependentTargetsInParallel = 1;
				LastSwiftUpdateCheck = 1320;
				LastUpgradeCheck = 1320;
				TargetAttributes = {
					1C89D8AB27C95A19009DF298 = {
						CreatedOnToolsVersion = 13.2.1;
					};
				};
			};
			buildConfigurationList = 1C89D8A727C95A19009DF298 /* Build configuration list for PBXProject "HomeWork7" */;
			compatibilityVersion = "Xcode 13.0";
			developmentRegion = en;
			hasScannedForEncodings = 0;
			knownRegions = (
				en,
				Base,
			);
			mainGroup = 1C89D8A327C95A19009DF298;
			productRefGroup = 1C89D8AD27C95A19009DF298 /* Products */;
			projectDirPath = "";
			projectRoot = "";
			targets = (
				1C89D8AB27C95A19009DF298 /* HomeWork7 */,
			);
		};
/* End PBXProject section */

/* Begin PBXResourcesBuildPhase section */
		1C89D8AA27C95A19009DF298 /* Resources */ = {
			isa = PBXResourcesBuildPhase;
			buildActionMask = 2147483647;
			files = (
				1C89D8BC27C95A1B009DF298 /* LaunchScreen.storyboard in Resources */,
				1C89D8B927C95A1B009DF298 /* Assets.xcassets in Resources */,
				1C89D8B727C95A19009DF298 /* Main.storyboard in Resources */,
			);
			runOnlyForDeploymentPostprocessing = 0;
		};
/* End PBXResourcesBuildPhase section */

/* Begin PBXSourcesBuildPhase section */
		1C89D8A827C95A19009DF298 /* Sources */ = {
			isa = PBXSourcesBuildPhase;
			buildActionMask = 2147483647;
			files = (
				1C89D8B427C95A19009DF298 /* ViewController.swift in Sources */,
				1C3DCC3527CCB4D0001D9212 /* SecondModalViewController.swift in Sources */,
				1C3DCC3B27CCB510001D9212 /* FourthModalVievController.swift in Sources */,
				1C3DCC3D27CCB585001D9212 /* Customer.swift in Sources */,
				1C3DCC3327CCB4A1001D9212 /* FirstModalViewController.swift in Sources */,
				1C89D8B027C95A19009DF298 /* AppDelegate.swift in Sources */,
				1C3DCC3927CCB4FD001D9212 /* ThirdModalViewController.swift in Sources */,
				1C89D8B227C95A19009DF298 /* SceneDelegate.swift in Sources */,
			);
			runOnlyForDeploymentPostprocessing = 0;
		};
/* End PBXSourcesBuildPhase section */

/* Begin PBXVariantGroup section */
		1C89D8B527C95A19009DF298 /* Main.storyboard */ = {
			isa = PBXVariantGroup;
			children = (
				1C89D8B627C95A19009DF298 /* Base */,
			);
			name = Main.storyboard;
			sourceTree = "<group>";
		};
		1C89D8BA27C95A1B009DF298 /* LaunchScreen.storyboard */ = {
			isa = PBXVariantGroup;
			children = (
				1C89D8BB27C95A1B009DF298 /* Base */,
			);
			name = LaunchScreen.storyboard;
			sourceTree = "<group>";
		};
/* End PBXVariantGroup section */

/* Begin XCBuildConfiguration section */
		1C89D8BE27C95A1B009DF298 /* Debug */ = {
			isa = XCBuildConfiguration;
			buildSettings = {
				ALWAYS_SEARCH_USER_PATHS = NO;
				CLANG_ANALYZER_NONNULL = YES;
				CLANG_ANALYZER_NUMBER_OBJECT_CONVERSION = YES_AGGRESSIVE;
				CLANG_CXX_LANGUAGE_STANDARD = "gnu++17";
				CLANG_CXX_LIBRARY = "libc++";
				CLANG_ENABLE_MODULES = YES;
				CLANG_ENABLE_OBJC_ARC = YES;
				CLANG_ENABLE_OBJC_WEAK = YES;
				CLANG_WARN_BLOCK_CAPTURE_AUTORELEASING = YES;
				CLANG_WARN_BOOL_CONVERSION = YES;
				CLANG_WARN_COMMA = YES;
				CLANG_WARN_CONSTANT_CONVERSION = YES;
				CLANG_WARN_DEPRECATED_OBJC_IMPLEMENTATIONS = YES;
				CLANG_WARN_DIRECT_OBJC_ISA_USAGE = YES_ERROR;
				CLANG_WARN_DOCUMENTATION_COMMENTS = YES;
				CLANG_WARN_EMPTY_BODY = YES;
				CLANG_WARN_ENUM_CONVERSION = YES;
				CLANG_WARN_INFINITE_RECURSION = YES;
				CLANG_WARN_INT_CONVERSION = YES;
				CLANG_WARN_NON_LITERAL_NULL_CONVERSION = YES;
				CLANG_WARN_OBJC_IMPLICIT_RETAIN_SELF = YES;
				CLANG_WARN_OBJC_LITERAL_CONVERSION = YES;
				CLANG_WARN_OBJC_ROOT_CLASS = YES_ERROR;
				CLANG_WARN_QUOTED_INCLUDE_IN_FRAMEWORK_HEADER = YES;
				CLANG_WARN_RANGE_LOOP_ANALYSIS = YES;
				CLANG_WARN_STRICT_PROTOTYPES = YES;
				CLANG_WARN_SUSPICIOUS_MOVE = YES;
				CLANG_WARN_UNGUARDED_AVAILABILITY = YES_AGGRESSIVE;
				CLANG_WARN_UNREACHABLE_CODE = YES;
				CLANG_WARN__DUPLICATE_METHOD_MATCH = YES;
				COPY_PHASE_STRIP = NO;
				DEBUG_INFORMATION_FORMAT = dwarf;
				ENABLE_STRICT_OBJC_MSGSEND = YES;
				ENABLE_TESTABILITY = YES;
				GCC_C_LANGUAGE_STANDARD = gnu11;
				GCC_DYNAMIC_NO_PIC = NO;
				GCC_NO_COMMON_BLOCKS = YES;
				GCC_OPTIMIZATION_LEVEL = 0;
				GCC_PREPROCESSOR_DEFINITIONS = (
					"DEBUG=1",
					"$(inherited)",
				);
				GCC_WARN_64_TO_32_BIT_CONVERSION = YES;
				GCC_WARN_ABOUT_RETURN_TYPE = YES_ERROR;
				GCC_WARN_UNDECLARED_SELECTOR = YES;
				GCC_WARN_UNINITIALIZED_AUTOS = YES_AGGRESSIVE;
				GCC_WARN_UNUSED_FUNCTION = YES;
				GCC_WARN_UNUSED_VARIABLE = YES;
				IPHONEOS_DEPLOYMENT_TARGET = 15.2;
				MTL_ENABLE_DEBUG_INFO = INCLUDE_SOURCE;
				MTL_FAST_MATH = YES;
				ONLY_ACTIVE_ARCH = YES;
				SDKROOT = iphoneos;
				SWIFT_ACTIVE_COMPILATION_CONDITIONS = DEBUG;
				SWIFT_OPTIMIZATION_LEVEL = "-Onone";
			};
			name = Debug;
		};
		1C89D8BF27C95A1B009DF298 /* Release */ = {
			isa = XCBuildConfiguration;
			buildSettings = {
				ALWAYS_SEARCH_USER_PATHS = NO;
				CLANG_ANALYZER_NONNULL = YES;
				CLANG_ANALYZER_NUMBER_OBJECT_CONVERSION = YES_AGGRESSIVE;
				CLANG_CXX_LANGUAGE_STANDARD = "gnu++17";
				CLANG_CXX_LIBRARY = "libc++";
				CLANG_ENABLE_MODULES = YES;
				CLANG_ENABLE_OBJC_ARC = YES;
				CLANG_ENABLE_OBJC_WEAK = YES;
				CLANG_WARN_BLOCK_CAPTURE_AUTORELEASING = YES;
				CLANG_WARN_BOOL_CONVERSION = YES;
				CLANG_WARN_COMMA = YES;
				CLANG_WARN_CONSTANT_CONVERSION = YES;
				CLANG_WARN_DEPRECATED_OBJC_IMPLEMENTATIONS = YES;
				CLANG_WARN_DIRECT_OBJC_ISA_USAGE = YES_ERROR;
				CLANG_WARN_DOCUMENTATION_COMMENTS = YES;
				CLANG_WARN_EMPTY_BODY = YES;
				CLANG_WARN_ENUM_CONVERSION = YES;
				CLANG_WARN_INFINITE_RECURSION = YES;
				CLANG_WARN_INT_CONVERSION = YES;
				CLANG_WARN_NON_LITERAL_NULL_CONVERSION = YES;
				CLANG_WARN_OBJC_IMPLICIT_RETAIN_SELF = YES;
				CLANG_WARN_OBJC_LITERAL_CONVERSION = YES;
				CLANG_WARN_OBJC_ROOT_CLASS = YES_ERROR;
				CLANG_WARN_QUOTED_INCLUDE_IN_FRAMEWORK_HEADER = YES;
				CLANG_WARN_RANGE_LOOP_ANALYSIS = YES;
				CLANG_WARN_STRICT_PROTOTYPES = YES;
				CLANG_WARN_SUSPICIOUS_MOVE = YES;
				CLANG_WARN_UNGUARDED_AVAILABILITY = YES_AGGRESSIVE;
				CLANG_WARN_UNREACHABLE_CODE = YES;
				CLANG_WARN__DUPLICATE_METHOD_MATCH = YES;
				COPY_PHASE_STRIP = NO;
				DEBUG_INFORMATION_FORMAT = "dwarf-with-dsym";
				ENABLE_NS_ASSERTIONS = NO;
				ENABLE_STRICT_OBJC_MSGSEND = YES;
				GCC_C_LANGUAGE_STANDARD = gnu11;
				GCC_NO_COMMON_BLOCKS = YES;
				GCC_WARN_64_TO_32_BIT_CONVERSION = YES;
				GCC_WARN_ABOUT_RETURN_TYPE = YES_ERROR;
				GCC_WARN_UNDECLARED_SELECTOR = YES;
				GCC_WARN_UNINITIALIZED_AUTOS = YES_AGGRESSIVE;
				GCC_WARN_UNUSED_FUNCTION = YES;
				GCC_WARN_UNUSED_VARIABLE = YES;
				IPHONEOS_DEPLOYMENT_TARGET = 15.2;
				MTL_ENABLE_DEBUG_INFO = NO;
				MTL_FAST_MATH = YES;
				SDKROOT = iphoneos;
				SWIFT_COMPILATION_MODE = wholemodule;
				SWIFT_OPTIMIZATION_LEVEL = "-O";
				VALIDATE_PRODUCT = YES;
			};
			name = Release;
		};
		1C89D8C127C95A1B009DF298 /* Debug */ = {
			isa = XCBuildConfiguration;
			buildSettings = {
				ASSETCATALOG_COMPILER_APPICON_NAME = AppIcon;
				ASSETCATALOG_COMPILER_GLOBAL_ACCENT_COLOR_NAME = AccentColor;
				CODE_SIGN_STYLE = Automatic;
				CURRENT_PROJECT_VERSION = 1;
				GENERATE_INFOPLIST_FILE = YES;
				INFOPLIST_FILE = HomeWork7/Info.plist;
				INFOPLIST_KEY_UIApplicationSupportsIndirectInputEvents = YES;
				INFOPLIST_KEY_UILaunchStoryboardName = LaunchScreen;
				INFOPLIST_KEY_UIMainStoryboardFile = Main;
				INFOPLIST_KEY_UISupportedInterfaceOrientations_iPad = "UIInterfaceOrientationPortrait UIInterfaceOrientationPortraitUpsideDown UIInterfaceOrientationLandscapeLeft UIInterfaceOrientationLandscapeRight";
				INFOPLIST_KEY_UISupportedInterfaceOrientations_iPhone = "UIInterfaceOrientationPortrait UIInterfaceOrientationLandscapeLeft UIInterfaceOrientationLandscapeRight";
				LD_RUNPATH_SEARCH_PATHS = (
					"$(inherited)",
					"@executable_path/Frameworks",
				);
				MARKETING_VERSION = 1.0;
				PRODUCT_BUNDLE_IDENTIFIER = by.budanov.HomeWork7;
				PRODUCT_NAME = "$(TARGET_NAME)";
				SWIFT_EMIT_LOC_STRINGS = YES;
				SWIFT_VERSION = 5.0;
				TARGETED_DEVICE_FAMILY = "1,2";
			};
			name = Debug;
		};
		1C89D8C227C95A1B009DF298 /* Release */ = {
			isa = XCBuildConfiguration;
			buildSettings = {
				ASSETCATALOG_COMPILER_APPICON_NAME = AppIcon;
				ASSETCATALOG_COMPILER_GLOBAL_ACCENT_COLOR_NAME = AccentColor;
				CODE_SIGN_STYLE = Automatic;
				CURRENT_PROJECT_VERSION = 1;
				GENERATE_INFOPLIST_FILE = YES;
				INFOPLIST_FILE = HomeWork7/Info.plist;
				INFOPLIST_KEY_UIApplicationSupportsIndirectInputEvents = YES;
				INFOPLIST_KEY_UILaunchStoryboardName = LaunchScreen;
				INFOPLIST_KEY_UIMainStoryboardFile = Main;
				INFOPLIST_KEY_UISupportedInterfaceOrientations_iPad = "UIInterfaceOrientationPortrait UIInterfaceOrientationPortraitUpsideDown UIInterfaceOrientationLandscapeLeft UIInterfaceOrientationLandscapeRight";
				INFOPLIST_KEY_UISupportedInterfaceOrientations_iPhone = "UIInterfaceOrientationPortrait UIInterfaceOrientationLandscapeLeft UIInterfaceOrientationLandscapeRight";
				LD_RUNPATH_SEARCH_PATHS = (
					"$(inherited)",
					"@executable_path/Frameworks",
				);
				MARKETING_VERSION = 1.0;
				PRODUCT_BUNDLE_IDENTIFIER = by.budanov.HomeWork7;
				PRODUCT_NAME = "$(TARGET_NAME)";
				SWIFT_EMIT_LOC_STRINGS = YES;
				SWIFT_VERSION = 5.0;
				TARGETED_DEVICE_FAMILY = "1,2";
			};
			name = Release;
		};
/* End XCBuildConfiguration section */

/* Begin XCConfigurationList section */
		1C89D8A727C95A19009DF298 /* Build configuration list for PBXProject "HomeWork7" */ = {
			isa = XCConfigurationList;
			buildConfigurations = (
				1C89D8BE27C95A1B009DF298 /* Debug */,
				1C89D8BF27C95A1B009DF298 /* Release */,
			);
			defaultConfigurationIsVisible = 0;
			defaultConfigurationName = Release;
		};
		1C89D8C027C95A1B009DF298 /* Build configuration list for PBXNativeTarget "HomeWork7" */ = {
			isa = XCConfigurationList;
			buildConfigurations = (
				1C89D8C127C95A1B009DF298 /* Debug */,
				1C89D8C227C95A1B009DF298 /* Release */,
			);
			defaultConfigurationIsVisible = 0;
			defaultConfigurationName = Release;
		};
/* End XCConfigurationList section */
	};
	rootObject = 1C89D8A427C95A19009DF298 /* Project object */;
}
